
Microsoft Visual Studio Solution File, Format Version 12.00
# Visual Studio 15
VisualStudioVersion = 15.0.28010.2050
MinimumVisualStudioVersion = 10.0.40219.1
Project("{9092AA53-FB77-4645-B42D-1CCCA6BD08BD}") = "mqr_ts", "mqr_ts.njsproj", "{CC8CC237-C149-48B1-BAB0-148D2648AD77}"
EndProject
Global
	GlobalSection(SolutionConfigurationPlatforms) = preSolution
		Debug|Any CPU = Debug|Any CPU
		Release|Any CPU = Release|Any CPU
	EndGlobalSection
	GlobalSection(ProjectConfigurationPlatforms) = postSolution
		{CC8CC237-C149-48B1-BAB0-148D2648AD77}.Debug|Any CPU.ActiveCfg = Debug|Any CPU
		{CC8CC237-C149-48B1-BAB0-148D2648AD77}.Debug|Any CPU.Build.0 = Debug|Any CPU
		{CC8CC237-C149-48B1-BAB0-148D2648AD77}.Release|Any CPU.ActiveCfg = Release|Any CPU
		{CC8CC237-C149-48B1-BAB0-148D2648AD77}.Release|Any CPU.Build.0 = Release|Any CPU
	EndGlobalSection
	GlobalSection(SolutionProperties) = preSolution
		HideSolutionNode = FALSE
	EndGlobalSection
	GlobalSection(ExtensibilityGlobals) = postSolution
		SolutionGuid = {672FB09B-088C-40A3-8D5A-0A4E746E75C0}
	EndGlobalSection
EndGlobal
